
Microsoft Visual Studio Solution File, Format Version 12.00
# Visual Studio Version 16
VisualStudioVersion = 16.0.30621.155
MinimumVisualStudioVersion = 10.0.40219.1
Project("{FAE04EC0-301F-11D3-BF4B-00C04F79EFBC}") = "Entities", "Entities\Entities.csproj", "{5744920E-D726-4FD0-873E-CBBD23BFCAA7}"
EndProject
Project("{FAE04EC0-301F-11D3-BF4B-00C04F79EFBC}") = "EstateAgencyWeb", "EstateAgencyWeb\EstateAgencyWeb.csproj", "{270C701D-7F35-4869-9085-502F7C7B117B}"
EndProject
Global
	GlobalSection(SolutionConfigurationPlatforms) = preSolution
		Debug|Any CPU = Debug|Any CPU
		Release|Any CPU = Release|Any CPU
	EndGlobalSection
	GlobalSection(ProjectConfigurationPlatforms) = postSolution
		{5744920E-D726-4FD0-873E-CBBD23BFCAA7}.Debug|Any CPU.ActiveCfg = Debug|Any CPU
		{5744920E-D726-4FD0-873E-CBBD23BFCAA7}.Debug|Any CPU.Build.0 = Debug|Any CPU
		{5744920E-D726-4FD0-873E-CBBD23BFCAA7}.Release|Any CPU.ActiveCfg = Release|Any CPU
		{5744920E-D726-4FD0-873E-CBBD23BFCAA7}.Release|Any CPU.Build.0 = Release|Any CPU
		{270C701D-7F35-4869-9085-502F7C7B117B}.Debug|Any CPU.ActiveCfg = Debug|Any CPU
		{270C701D-7F35-4869-9085-502F7C7B117B}.Debug|Any CPU.Build.0 = Debug|Any CPU
		{270C701D-7F35-4869-9085-502F7C7B117B}.Release|Any CPU.ActiveCfg = Release|Any CPU
		{270C701D-7F35-4869-9085-502F7C7B117B}.Release|Any CPU.Build.0 = Release|Any CPU
	EndGlobalSection
	GlobalSection(SolutionProperties) = preSolution
		HideSolutionNode = FALSE
	EndGlobalSection
	GlobalSection(ExtensibilityGlobals) = postSolution
		SolutionGuid = {B82B53EC-0B31-45E5-8337-E6845D6CE266}
	EndGlobalSection
EndGlobal
